# THIS IS AN AUTOGENERATED FILE. DO NOT EDIT THIS FILE DIRECTLY.
# yarn lockfile v1


"@babel/code-frame@^7.0.0", "@babel/code-frame@^7.10.4":
  version "7.10.4"
  resolved "https://registry.yarnpkg.com/@babel/code-frame/-/code-frame-7.10.4.tgz#168da1a36e90da68ae8d49c0f1b48c7c6249213a"
  integrity sha512-vG6SvB6oYEhvgisZNFRmRCUkLz11c7rp+tbNTynGqc6mS1d5ATd/sGyV6W0KZZnXRKMTzZDRgQT3Ou9jhpAfUg==
  dependencies:
    "@babel/highlight" "^7.10.4"

"@babel/core@^7.9.0":
  version "7.12.3"
  resolved "https://registry.yarnpkg.com/@babel/core/-/core-7.12.3.tgz#1b436884e1e3bff6fb1328dc02b208759de92ad8"
  integrity sha512-0qXcZYKZp3/6N2jKYVxZv0aNCsxTSVCiK72DTiTYZAu7sjg73W0/aynWjMbiGd87EQL4WyA8reiJVh92AVla9g==
  dependencies:
    "@babel/code-frame" "^7.10.4"
    "@babel/generator" "^7.12.1"
    "@babel/helper-module-transforms" "^7.12.1"
    "@babel/helpers" "^7.12.1"
    "@babel/parser" "^7.12.3"
    "@babel/template" "^7.10.4"
    "@babel/traverse" "^7.12.1"
    "@babel/types" "^7.12.1"
    convert-source-map "^1.7.0"
    debug "^4.1.0"
    gensync "^1.0.0-beta.1"
    json5 "^2.1.2"
    lodash "^4.17.19"
    resolve "^1.3.2"
    semver "^5.4.1"
    source-map "^0.5.0"

"@babel/generator@^7.12.1", "@babel/generator@^7.9.3":
  version "7.12.1"
  resolved "https://registry.yarnpkg.com/@babel/generator/-/generator-7.12.1.tgz#0d70be32bdaa03d7c51c8597dda76e0df1f15468"
  integrity sha512-DB+6rafIdc9o72Yc3/Ph5h+6hUjeOp66pF0naQBgUFFuPqzQwIlPTm3xZR7YNvduIMtkDIj2t21LSQwnbCrXvg==
  dependencies:
    "@babel/types" "^7.12.1"
    jsesc "^2.5.1"
    source-map "^0.5.0"

"@babel/helper-function-name@^7.10.4":
  version "7.10.4"
  resolved "https://registry.yarnpkg.com/@babel/helper-function-name/-/helper-function-name-7.10.4.tgz#d2d3b20c59ad8c47112fa7d2a94bc09d5ef82f1a"
  integrity sha512-YdaSyz1n8gY44EmN7x44zBn9zQ1Ry2Y+3GTA+3vH6Mizke1Vw0aWDM66FOYEPw8//qKkmqOckrGgTYa+6sceqQ==
  dependencies:
    "@babel/helper-get-function-arity" "^7.10.4"
    "@babel/template" "^7.10.4"
    "@babel/types" "^7.10.4"

"@babel/helper-get-function-arity@^7.10.4":
  version "7.10.4"
  resolved "https://registry.yarnpkg.com/@babel/helper-get-function-arity/-/helper-get-function-arity-7.10.4.tgz#98c1cbea0e2332f33f9a4661b8ce1505b2c19ba2"
  integrity sha512-EkN3YDB+SRDgiIUnNgcmiD361ti+AVbL3f3Henf6dqqUyr5dMsorno0lJWJuLhDhkI5sYEpgj6y9kB8AOU1I2A==
  dependencies:
    "@babel/types" "^7.10.4"

"@babel/helper-member-expression-to-functions@^7.12.1":
  version "7.12.1"
  resolved "https://registry.yarnpkg.com/@babel/helper-member-expression-to-functions/-/helper-member-expression-to-functions-7.12.1.tgz#fba0f2fcff3fba00e6ecb664bb5e6e26e2d6165c"
  integrity sha512-k0CIe3tXUKTRSoEx1LQEPFU9vRQfqHtl+kf8eNnDqb4AUJEy5pz6aIiog+YWtVm2jpggjS1laH68bPsR+KWWPQ==
  dependencies:
    "@babel/types" "^7.12.1"

"@babel/helper-module-imports@^7.12.1":
  version "7.12.1"
  resolved "https://registry.yarnpkg.com/@babel/helper-module-imports/-/helper-module-imports-7.12.1.tgz#1644c01591a15a2f084dd6d092d9430eb1d1216c"
  integrity sha512-ZeC1TlMSvikvJNy1v/wPIazCu3NdOwgYZLIkmIyAsGhqkNpiDoQQRmaCK8YP4Pq3GPTLPV9WXaPCJKvx06JxKA==
  dependencies:
    "@babel/types" "^7.12.1"

"@babel/helper-module-transforms@^7.12.1":
  version "7.12.1"
  resolved "https://registry.yarnpkg.com/@babel/helper-module-transforms/-/helper-module-transforms-7.12.1.tgz#7954fec71f5b32c48e4b303b437c34453fd7247c"
  integrity sha512-QQzehgFAZ2bbISiCpmVGfiGux8YVFXQ0abBic2Envhej22DVXV9nCFaS5hIQbkyo1AdGb+gNME2TSh3hYJVV/w==
  dependencies:
    "@babel/helper-module-imports" "^7.12.1"
    "@babel/helper-replace-supers" "^7.12.1"
    "@babel/helper-simple-access" "^7.12.1"
    "@babel/helper-split-export-declaration" "^7.11.0"
    "@babel/helper-validator-identifier" "^7.10.4"
    "@babel/template" "^7.10.4"
    "@babel/traverse" "^7.12.1"
    "@babel/types" "^7.12.1"
    lodash "^4.17.19"

"@babel/helper-optimise-call-expression@^7.10.4":
  version "7.10.4"
  resolved "https://registry.yarnpkg.com/@babel/helper-optimise-call-expression/-/helper-optimise-call-expression-7.10.4.tgz#50dc96413d594f995a77905905b05893cd779673"
  integrity sha512-n3UGKY4VXwXThEiKrgRAoVPBMqeoPgHVqiHZOanAJCG9nQUL2pLRQirUzl0ioKclHGpGqRgIOkgcIJaIWLpygg==
  dependencies:
    "@babel/types" "^7.10.4"

"@babel/helper-replace-supers@^7.12.1":
  version "7.12.1"
  resolved "https://registry.yarnpkg.com/@babel/helper-replace-supers/-/helper-replace-supers-7.12.1.tgz#f15c9cc897439281891e11d5ce12562ac0cf3fa9"
  integrity sha512-zJjTvtNJnCFsCXVi5rUInstLd/EIVNmIKA1Q9ynESmMBWPWd+7sdR+G4/wdu+Mppfep0XLyG2m7EBPvjCeFyrw==
  dependencies:
    "@babel/helper-member-expression-to-functions" "^7.12.1"
    "@babel/helper-optimise-call-expression" "^7.10.4"
    "@babel/traverse" "^7.12.1"
    "@babel/types" "^7.12.1"

"@babel/helper-simple-access@^7.12.1":
  version "7.12.1"
  resolved "https://registry.yarnpkg.com/@babel/helper-simple-access/-/helper-simple-access-7.12.1.tgz#32427e5aa61547d38eb1e6eaf5fd1426fdad9136"
  integrity sha512-OxBp7pMrjVewSSC8fXDFrHrBcJATOOFssZwv16F3/6Xtc138GHybBfPbm9kfiqQHKhYQrlamWILwlDCeyMFEaA==
  dependencies:
    "@babel/types" "^7.12.1"

"@babel/helper-split-export-declaration@^7.11.0":
  version "7.11.0"
  resolved "https://registry.yarnpkg.com/@babel/helper-split-export-declaration/-/helper-split-export-declaration-7.11.0.tgz#f8a491244acf6a676158ac42072911ba83ad099f"
  integrity sha512-74Vejvp6mHkGE+m+k5vHY93FX2cAtrw1zXrZXRlG4l410Nm9PxfEiVTn1PjDPV5SnmieiueY4AFg2xqhNFuuZg==
  dependencies:
    "@babel/types" "^7.11.0"

"@babel/helper-validator-identifier@^7.10.4":
  version "7.10.4"
  resolved "https://registry.yarnpkg.com/@babel/helper-validator-identifier/-/helper-validator-identifier-7.10.4.tgz#a78c7a7251e01f616512d31b10adcf52ada5e0d2"
  integrity sha512-3U9y+43hz7ZM+rzG24Qe2mufW5KhvFg/NhnNph+i9mgCtdTCtMJuI1TMkrIUiK7Ix4PYlRF9I5dhqaLYA/ADXw==

"@babel/helpers@^7.12.1":
  version "7.12.1"
  resolved "https://registry.yarnpkg.com/@babel/helpers/-/helpers-7.12.1.tgz#8a8261c1d438ec18cb890434df4ec768734c1e79"
  integrity sha512-9JoDSBGoWtmbay98efmT2+mySkwjzeFeAL9BuWNoVQpkPFQF8SIIFUfY5os9u8wVzglzoiPRSW7cuJmBDUt43g==
  dependencies:
    "@babel/template" "^7.10.4"
    "@babel/traverse" "^7.12.1"
    "@babel/types" "^7.12.1"

"@babel/highlight@^7.10.4":
  version "7.10.4"
  resolved "https://registry.yarnpkg.com/@babel/highlight/-/highlight-7.10.4.tgz#7d1bdfd65753538fabe6c38596cdb76d9ac60143"
  integrity sha512-i6rgnR/YgPEQzZZnbTHHuZdlE8qyoBNalD6F+q4vAFlcMEcqmkoG+mPqJYJCo63qPf74+Y1UZsl3l6f7/RIkmA==
  dependencies:
    "@babel/helper-validator-identifier" "^7.10.4"
    chalk "^2.0.0"
    js-tokens "^4.0.0"

"@babel/parser@^7.10.4", "@babel/parser@^7.12.1", "@babel/parser@^7.12.3", "@babel/parser@^7.9.0":
  version "7.12.3"
  resolved "https://registry.yarnpkg.com/@babel/parser/-/parser-7.12.3.tgz#a305415ebe7a6c7023b40b5122a0662d928334cd"
  integrity sha512-kFsOS0IbsuhO5ojF8Hc8z/8vEIOkylVBrjiZUbLTE3XFe0Qi+uu6HjzQixkFaqr0ZPAMZcBVxEwmsnsLPZ2Xsw==

"@babel/template@^7.10.4":
  version "7.10.4"
  resolved "https://registry.yarnpkg.com/@babel/template/-/template-7.10.4.tgz#3251996c4200ebc71d1a8fc405fba940f36ba278"
  integrity sha512-ZCjD27cGJFUB6nmCB1Enki3r+L5kJveX9pq1SvAUKoICy6CZ9yD8xO086YXdYhvNjBdnekm4ZnaP5yC8Cs/1tA==
  dependencies:
    "@babel/code-frame" "^7.10.4"
    "@babel/parser" "^7.10.4"
    "@babel/types" "^7.10.4"

"@babel/traverse@^7.12.1", "@babel/traverse@^7.6.2":
  version "7.12.1"
  resolved "https://registry.yarnpkg.com/@babel/traverse/-/traverse-7.12.1.tgz#941395e0c5cc86d5d3e75caa095d3924526f0c1e"
  integrity sha512-MA3WPoRt1ZHo2ZmoGKNqi20YnPt0B1S0GTZEPhhd+hw2KGUzBlHuVunj6K4sNuK+reEvyiPwtp0cpaqLzJDmAw==
  dependencies:
    "@babel/code-frame" "^7.10.4"
    "@babel/generator" "^7.12.1"
    "@babel/helper-function-name" "^7.10.4"
    "@babel/helper-split-export-declaration" "^7.11.0"
    "@babel/parser" "^7.12.1"
    "@babel/types" "^7.12.1"
    debug "^4.1.0"
    globals "^11.1.0"
    lodash "^4.17.19"

"@babel/types@^7.10.4", "@babel/types@^7.11.0", "@babel/types@^7.12.1", "@babel/types@^7.6.1":
  version "7.12.1"
  resolved "https://registry.yarnpkg.com/@babel/types/-/types-7.12.1.tgz#e109d9ab99a8de735be287ee3d6a9947a190c4ae"
  integrity sha512-BzSY3NJBKM4kyatSOWh3D/JJ2O3CVzBybHWxtgxnggaxEuaSTTDqeiSb/xk9lrkw2Tbqyivw5ZU4rT+EfznQsA==
  dependencies:
    "@babel/helper-validator-identifier" "^7.10.4"
    lodash "^4.17.19"
    to-fast-properties "^2.0.0"

"@codemod/core@^1.0.7":
  version "1.0.7"
  resolved "https://registry.yarnpkg.com/@codemod/core/-/core-1.0.7.tgz#d3f0019a1496d28fb0e345f327274ed2f6b03667"
  integrity sha512-SMpAkVrp9u+5tLpOAjQKj6d8wFgn9pOZd5aiftX40ZF20aTvavAXoUgg/Wkg1ImpP6eJDFWScg+iePkF8nNBRA==
  dependencies:
    "@babel/core" "^7.9.0"
    "@babel/generator" "^7.9.3"
    "@codemod/parser" "^1.0.7"
    recast "^0.19.0"
    resolve "^1.12.0"

"@codemod/parser@^1.0.3", "@codemod/parser@^1.0.7":
  version "1.0.7"
  resolved "https://registry.yarnpkg.com/@codemod/parser/-/parser-1.0.7.tgz#00e69a53c88c8dc1f8b2f6b75346485cdd4a5f87"
  integrity sha512-GSrc8CvwDN24GluYQ7xDBMMQo5mFJO6cs2/jZssfDjOalRKKKb9UqvkNYFuYXXm4buRAF23Soih9bpPhcDxA/g==
  dependencies:
    "@babel/parser" "^7.9.0"

"@resugar/codemod-declarations-block-scope@^1.0.2":
  version "1.0.2"
  resolved "https://registry.yarnpkg.com/@resugar/codemod-declarations-block-scope/-/codemod-declarations-block-scope-1.0.2.tgz#7ed3299c0744725ddc20591c08ef007878c39b65"
  integrity sha512-6haFZi1r/c+ZeTP+6gNAKTKzWkrLTNvYOMBPMvm12Rf8smpSGX/yjCvP9pRYI5cM2P9rsLn/swAys3OxngYpYA==

"@resugar/codemod-functions-arrow@^1.0.2":
  version "1.0.2"
  resolved "https://registry.yarnpkg.com/@resugar/codemod-functions-arrow/-/codemod-functions-arrow-1.0.2.tgz#096e02349b4bf30e74030d0f9cfb5b32565e1673"
  integrity sha512-6dfHOEIxZw6sc0auiDpELDRYGFfVhrJwc6xN4JxpGE9vc3Hg954svu8MhedSV7VTVSClLv4CE0RvUOD+09DAuw==
  dependencies:
    "@resugar/helper-comments" "^1.0.0"

"@resugar/codemod-modules-commonjs@^1.0.4":
  version "1.0.5"
  resolved "https://registry.yarnpkg.com/@resugar/codemod-modules-commonjs/-/codemod-modules-commonjs-1.0.5.tgz#8b0f14f256ee2f090cd8274717a6423594fda73a"
  integrity sha512-A1lBMZWNEUFpmSGgTRzEaRUOWxZ/aNjil2ekCfjiITRJ3UrvsSF7PIPgv5waKzsgimtiQ0Wm+fcqFko0itZ21A==
  dependencies:
    "@resugar/helper-comments" "^1.0.0"

"@resugar/codemod-objects-concise@^1.0.2":
  version "1.0.2"
  resolved "https://registry.yarnpkg.com/@resugar/codemod-objects-concise/-/codemod-objects-concise-1.0.2.tgz#1bb90f834acf0896c24affbc9d0535dd9e09d79d"
  integrity sha512-Qf/zKkBzfGg1Q+2HSrssPllKYrwLxuDF/p39pz10keJtAhkYEcCbWcaHJRr5TgV9Pl9qnzzMImP9TG6KBwx7eA==

"@resugar/codemod-objects-destructuring@^1.0.1":
  version "1.0.1"
  resolved "https://registry.yarnpkg.com/@resugar/codemod-objects-destructuring/-/codemod-objects-destructuring-1.0.1.tgz#d3972404e2d788f5a95e44811ef107838d03c809"
  integrity sha512-xvJ1YAsV3/eSgL7BaSXRNnnz3B8f+dv+KNpi/07RF46L5ah3E8TLb2Ge/IgJB9lz/mhTDfB+pmFem9J3ndfN6w==

"@resugar/codemod-objects-shorthand@^1.0.1":
  version "1.0.1"
  resolved "https://registry.yarnpkg.com/@resugar/codemod-objects-shorthand/-/codemod-objects-shorthand-1.0.1.tgz#54d5950679ca6dda4f249558145281f28fce491b"
  integrity sha512-1QZxpc2cX1DgxAWPDrp4l9VD1d+RZrqOXcXuckQmEIHr5TeSOhdBs2r3zFEbijxCTKD7fWsFgkas7LKh+KqGvQ==
  dependencies:
    "@resugar/helper-comments" "^1.0.0"

"@resugar/codemod-strings-template@^1.0.1":
  version "1.0.1"
  resolved "https://registry.yarnpkg.com/@resugar/codemod-strings-template/-/codemod-strings-template-1.0.1.tgz#a70f2ba7118e17d2774ee159816ce3b3806686c8"
  integrity sha512-ruVwOE67lmFGiyVr8I60l5lEDi0xKk1FYXyTGKMZdiiM2+W+L/qquOEqZmxOPA/xDNc5JG9VZXQ+4TZH9HqYxw==

"@resugar/helper-comments@^1.0.0":
  version "1.0.2"
  resolved "https://registry.yarnpkg.com/@resugar/helper-comments/-/helper-comments-1.0.2.tgz#6284caf648277b3339aed0299db4f26c02c16813"
  integrity sha512-AXXKDyRcTN3naXhfvu/2mWX5OTc4RqlJIERCfnFs+M2VrawqoZU+oFS3L4ZsdP+/4rcofMCs9CMsYKc4S40PPQ==

"@types/caseless@*":
  version "0.12.2"
  resolved "https://registry.yarnpkg.com/@types/caseless/-/caseless-0.12.2.tgz#f65d3d6389e01eeb458bd54dc8f52b95a9463bc8"
  integrity sha512-6ckxMjBBD8URvjB6J3NcnuAn5Pkl7t3TizAg+xdlzzQGSPSmBcXf8KoIH0ua/i+tio+ZRUHEXp0HEmvaR4kt0w==

"@types/mocha@^8.0.3":
  version "8.0.3"
  resolved "https://registry.yarnpkg.com/@types/mocha/-/mocha-8.0.3.tgz#51b21b6acb6d1b923bbdc7725c38f9f455166402"
  integrity sha512-vyxR57nv8NfcU0GZu8EUXZLTbCMupIUwy95LJ6lllN+JRPG25CwMHoB1q5xKh8YKhQnHYRAn4yW2yuHbf/5xgg==

"@types/node@*":
  version "14.14.3"
  resolved "https://registry.yarnpkg.com/@types/node/-/node-14.14.3.tgz#e1c09064121f894baaad2bd9f12ce4a41bffb274"
  integrity sha512-33/L34xS7HVUx23e0wOT2V1qPF1IrHgQccdJVm9uXGTB9vFBrrzBtkQymT8VskeKOxjz55MSqMv0xuLq+u98WQ==

"@types/node@^14.14.5":
  version "14.14.5"
  resolved "https://registry.yarnpkg.com/@types/node/-/node-14.14.5.tgz#e92d3b8f76583efa26c1a63a21c9d3c1143daa29"
  integrity sha512-H5Wn24s/ZOukBmDn03nnGTp18A60ny9AmCwnEcgJiTgSGsCO7k+NWP7zjCCbhlcnVCoI+co52dUAt9GMhOSULw==

"@types/request@^2.48.5":
  version "2.48.5"
  resolved "https://registry.yarnpkg.com/@types/request/-/request-2.48.5.tgz#019b8536b402069f6d11bee1b2c03e7f232937a0"
  integrity sha512-/LO7xRVnL3DxJ1WkPGDQrp4VTV1reX9RkC85mJ+Qzykj2Bdw+mG15aAfDahc76HtknjzE16SX/Yddn6MxVbmGQ==
  dependencies:
    "@types/caseless" "*"
    "@types/node" "*"
    "@types/tough-cookie" "*"
    form-data "^2.5.0"

"@types/tough-cookie@*":
  version "4.0.0"
  resolved "https://registry.yarnpkg.com/@types/tough-cookie/-/tough-cookie-4.0.0.tgz#fef1904e4668b6e5ecee60c52cc6a078ffa6697d"
  integrity sha512-I99sngh224D0M7XgW1s120zxCt3VYQ3IQsuw3P3jbq5GG4yc79+ZjyKznyOGIQrflfylLgcfekeZW/vk0yng6A==

add-variable-declarations@^4.0.7:
  version "4.0.7"
  resolved "https://registry.yarnpkg.com/add-variable-declarations/-/add-variable-declarations-4.0.7.tgz#c5fd52f39e427f2dd7b1d1814e847748a1136629"
  integrity sha512-SMjwvYGKrpk8CIN5K4LYpR54k9XpNmUdZLXOCvQvSvYnYTsvprouAuktct+ysSn1v2YVjQy4Du6JxwGhRV7Y1g==
  dependencies:
    "@babel/traverse" "^7.6.2"
    "@babel/types" "^7.6.1"
    "@codemod/parser" "^1.0.3"
    magic-string "^0.25.3"

ajv@^6.12.3:
  version "6.12.6"
  resolved "https://registry.yarnpkg.com/ajv/-/ajv-6.12.6.tgz#baf5a62e802b07d977034586f8c3baf5adf26df4"
  integrity sha512-j3fVLgvTo527anyYyJOGTYJbG+vnnQYvE0m5mmkc1TK+nxAppkCLMIL0aZ4dblVCNoGShhm+kzE4ZUykBoMg4g==
  dependencies:
    fast-deep-equal "^3.1.1"
    fast-json-stable-stringify "^2.0.0"
    json-schema-traverse "^0.4.1"
    uri-js "^4.2.2"

ansi-styles@^3.2.1:
  version "3.2.1"
  resolved "https://registry.yarnpkg.com/ansi-styles/-/ansi-styles-3.2.1.tgz#41fbb20243e50b12be0f04b8dedbf07520ce841d"
  integrity sha512-VT0ZI6kZRdTh8YyJw3SMbYm/u+NqfsAxEpWO0Pf9sq8/e94WxxOpPKx9FR1FlyCtOVDNOQ+8ntlqFxiRc+r5qA==
  dependencies:
    color-convert "^1.9.0"

any-promise@^1.0.0:
  version "1.3.0"
  resolved "https://registry.yarnpkg.com/any-promise/-/any-promise-1.3.0.tgz#abc6afeedcea52e809cdc0376aed3ce39635d17f"
  integrity sha1-q8av7tzqUugJzcA3au0845Y10X8=

argparse@^1.0.7:
  version "1.0.10"
  resolved "https://registry.yarnpkg.com/argparse/-/argparse-1.0.10.tgz#bcd6791ea5ae09725e17e5ad988134cd40b3d911"
  integrity sha512-o5Roy6tNG4SL/FOkCAN6RzjiakZS25RLYFrcMttJqbdd8BWrnA+fGz57iN5Pb06pvBGvl5gQ0B48dJlslXvoTg==
  dependencies:
    sprintf-js "~1.0.2"

asn1@~0.2.3:
  version "0.2.4"
  resolved "https://registry.yarnpkg.com/asn1/-/asn1-0.2.4.tgz#8d2475dfab553bb33e77b54e59e880bb8ce23136"
  integrity sha512-jxwzQpLQjSmWXgwaCZE9Nz+glAG01yF1QnWgbhGwHI5A6FRIEY6IVqtHhIepHqI7/kyEyQEagBC5mBEFlIYvdg==
  dependencies:
    safer-buffer "~2.1.0"

assert-plus@1.0.0, assert-plus@^1.0.0:
  version "1.0.0"
  resolved "https://registry.yarnpkg.com/assert-plus/-/assert-plus-1.0.0.tgz#f12e0f3c5d77b0b1cdd9146942e4e96c1e4dd525"
  integrity sha1-8S4PPF13sLHN2RRpQuTpbB5N1SU=

ast-types@0.13.3:
  version "0.13.3"
  resolved "https://registry.yarnpkg.com/ast-types/-/ast-types-0.13.3.tgz#50da3f28d17bdbc7969a3a2d83a0e4a72ae755a7"
  integrity sha512-XTZ7xGML849LkQP86sWdQzfhwbt3YwIO6MqbX9mUNYY98VKaaVZP7YNNm70IpwecbkkxmfC5IYAzOQ/2p29zRA==

asynckit@^0.4.0:
  version "0.4.0"
  resolved "https://registry.yarnpkg.com/asynckit/-/asynckit-0.4.0.tgz#c79ed97f7f34cb8f2ba1bc9790bcc366474b4b79"
  integrity sha1-x57Zf380y48robyXkLzDZkdLS3k=

automatic-semicolon-insertion@^2.0.5:
  version "2.0.5"
  resolved "https://registry.yarnpkg.com/automatic-semicolon-insertion/-/automatic-semicolon-insertion-2.0.5.tgz#fae0971ed6f23e56509e89a291ac4626f68e4ea0"
  integrity sha512-Yc6fVfkml05RULHcGRJcYPdrthGpdTmNirFG6HhkCs7yWFEzYc5wtHhpnz9oMSTLwm/g/XmSsIf2HKkTq+jnng==
  dependencies:
    "@babel/traverse" "^7.6.2"
    "@babel/types" "^7.6.1"

aws-sign2@~0.7.0:
  version "0.7.0"
  resolved "https://registry.yarnpkg.com/aws-sign2/-/aws-sign2-0.7.0.tgz#b46e890934a9591f2d2f6f86d7e6a9f1b3fe76a8"
  integrity sha1-tG6JCTSpWR8tL2+G1+ap8bP+dqg=

aws4@^1.8.0:
  version "1.10.1"
  resolved "https://registry.yarnpkg.com/aws4/-/aws4-1.10.1.tgz#e1e82e4f3e999e2cfd61b161280d16a111f86428"
  integrity sha512-zg7Hz2k5lI8kb7U32998pRRFin7zJlkfezGJjUc2heaD4Pw2wObakCDVzkKztTm/Ln7eiVvYsjqak0Ed4LkMDA==

balanced-match@^1.0.0:
  version "1.0.0"
  resolved "https://registry.yarnpkg.com/balanced-match/-/balanced-match-1.0.0.tgz#89b4d199ab2bee49de164ea02b89ce462d71b767"
  integrity sha1-ibTRmasr7kneFk6gK4nORi1xt2c=

bcrypt-pbkdf@^1.0.0:
  version "1.0.2"
  resolved "https://registry.yarnpkg.com/bcrypt-pbkdf/-/bcrypt-pbkdf-1.0.2.tgz#a4301d389b6a43f9b67ff3ca11a3f6637e360e9e"
  integrity sha1-pDAdOJtqQ/m2f/PKEaP2Y342Dp4=
  dependencies:
    tweetnacl "^0.14.3"

brace-expansion@^1.1.7:
  version "1.1.11"
  resolved "https://registry.yarnpkg.com/brace-expansion/-/brace-expansion-1.1.11.tgz#3c7fcbf529d87226f3d2f52b966ff5271eb441dd"
  integrity sha512-iCuPHDFgrHX7H2vEI/5xpz07zSHB00TpugqhmYtVmMO6518mCuRMoOYFldEBl0g187ufozdaHgWKcYFb61qGiA==
  dependencies:
    balanced-match "^1.0.0"
    concat-map "0.0.1"

builtin-modules@^1.1.1:
  version "1.1.1"
  resolved "https://registry.yarnpkg.com/builtin-modules/-/builtin-modules-1.1.1.tgz#270f076c5a72c02f5b65a47df94c5fe3a278892f"
  integrity sha1-Jw8HbFpywC9bZaR9+Uxf46J4iS8=

caseless@~0.12.0:
  version "0.12.0"
  resolved "https://registry.yarnpkg.com/caseless/-/caseless-0.12.0.tgz#1b681c21ff84033c826543090689420d187151dc"
  integrity sha1-G2gcIf+EAzyCZUMJBolCDRhxUdw=

chalk@^2.0.0, chalk@^2.3.0:
  version "2.4.2"
  resolved "https://registry.yarnpkg.com/chalk/-/chalk-2.4.2.tgz#cd42541677a54333cf541a49108c1432b44c9424"
  integrity sha512-Mti+f9lpJNcwF4tWV8/OrTTtF1gZi+f8FqlyAdouralcFWFQWF2+NgCHShjkCb+IFBLq9buZwE1xckQU4peSuQ==
  dependencies:
    ansi-styles "^3.2.1"
    escape-string-regexp "^1.0.5"
    supports-color "^5.3.0"

coffee-lex@^9.1.5:
  version "9.1.5"
  resolved "https://registry.yarnpkg.com/coffee-lex/-/coffee-lex-9.1.5.tgz#6f46f33df539de3c00831d47bbe115991336aa4e"
  integrity sha512-94lUMjs1vhlV86vnbCCnnIYzR4oszuO4qJzKUuKOLidiksh/UyQFOzPusjmLJt6vy5CNB0d/KtaceqV84zr46g==

color-convert@^1.9.0:
  version "1.9.3"
  resolved "https://registry.yarnpkg.com/color-convert/-/color-convert-1.9.3.tgz#bb71850690e1f136567de629d2d5471deda4c1e8"
  integrity sha512-QfAUtd+vFdAtFQcC8CCyYt1fYWxSqAiK2cSD6zDB8N3cpsEBAvRxp9zOGg6G/SHHJYAT88/az/IuDGALsNVbGg==
  dependencies:
    color-name "1.1.3"

color-name@1.1.3:
  version "1.1.3"
  resolved "https://registry.yarnpkg.com/color-name/-/color-name-1.1.3.tgz#a7d0558bd89c42f795dd42328f740831ca53bc25"
  integrity sha1-p9BVi9icQveV3UIyj3QIMcpTvCU=

combined-stream@^1.0.6, combined-stream@~1.0.6:
  version "1.0.8"
  resolved "https://registry.yarnpkg.com/combined-stream/-/combined-stream-1.0.8.tgz#c3d45a8b34fd730631a110a8a2520682b31d5a7f"
  integrity sha512-FQN4MRfuJeHf7cBbBMJFXhKSDq+2kAArBlmRBvcvFE5BB1HZKXtSFASDhdlz9zOYwxh8lDdnvmMOe/+5cdoEdg==
  dependencies:
    delayed-stream "~1.0.0"

commander@^2.12.1:
  version "2.20.3"
  resolved "https://registry.yarnpkg.com/commander/-/commander-2.20.3.tgz#fd485e84c03eb4881c20722ba48035e8531aeb33"
  integrity sha512-GpVkmM8vF2vQUkj2LvZmD35JxeJOLCwJ9cUkugyk2nuhbv3+mJvpLYYt+0+USMxE+oj+ey/lJEnhZw75x/OMcQ==

concat-map@0.0.1:
  version "0.0.1"
  resolved "https://registry.yarnpkg.com/concat-map/-/concat-map-0.0.1.tgz#d8a96bd77fd68df7793a73036a3ba0d5405d477b"
  integrity sha1-2Klr13/Wjfd5OnMDajug1UBdR3s=

convert-source-map@^1.7.0:
  version "1.7.0"
  resolved "https://registry.yarnpkg.com/convert-source-map/-/convert-source-map-1.7.0.tgz#17a2cb882d7f77d3490585e2ce6c524424a3a442"
  integrity sha512-4FJkXzKXEDB1snCFZlLP4gpC3JILicCpGbzG9f9G7tGqGCzETQ2hWPrcinA9oU4wtf2biUaEH5065UnMeR33oA==
  dependencies:
    safe-buffer "~5.1.1"

core-util-is@1.0.2:
  version "1.0.2"
  resolved "https://registry.yarnpkg.com/core-util-is/-/core-util-is-1.0.2.tgz#b5fd54220aa2bc5ab57aab7140c940754503c1a7"
  integrity sha1-tf1UIgqivFq1eqtxQMlAdUUDwac=

dashdash@^1.12.0:
  version "1.14.1"
  resolved "https://registry.yarnpkg.com/dashdash/-/dashdash-1.14.1.tgz#853cfa0f7cbe2fed5de20326b8dd581035f6e2f0"
  integrity sha1-hTz6D3y+L+1d4gMmuN1YEDX24vA=
  dependencies:
    assert-plus "^1.0.0"

debug@^4.1.0:
  version "4.2.0"
  resolved "https://registry.yarnpkg.com/debug/-/debug-4.2.0.tgz#7f150f93920e94c58f5574c2fd01a3110effe7f1"
  integrity sha512-IX2ncY78vDTjZMFUdmsvIRFY2Cf4FnD0wRs+nQwJU8Lu99/tPFdb0VybiiMTPe3I6rQmwsqQqRBvxU+bZ/I8sg==
  dependencies:
    ms "2.1.2"

decaffeinate-coffeescript2@2.2.1-patch.5:
  version "2.2.1-patch.5"
  resolved "https://registry.yarnpkg.com/decaffeinate-coffeescript2/-/decaffeinate-coffeescript2-2.2.1-patch.5.tgz#016ff1e967812d42bbfe270faa63b77681d2d7df"
  integrity sha512-VlI2TQNRj9U/wifgs2kB+LzzfhMkrJAW7RlLWY8yZSafM3O2HaTHzpZE4mDRfEnioAaD/SV/FCuCQ73vCJnrVw==

decaffeinate-coffeescript@1.12.7-patch.3:
  version "1.12.7-patch.3"
  resolved "https://registry.yarnpkg.com/decaffeinate-coffeescript/-/decaffeinate-coffeescript-1.12.7-patch.3.tgz#ae261022a35dc42dd9a0bc2c241717d5a23f8e67"
  integrity sha512-4NshbupYgQsVm/jOosp/nen1MWi43i1/z0I+F1JQQ8sNpS6SvvJWYwMayfuYkE/c/5mK3ISWu2H9OyPZYwtMLg==

decaffeinate-parser@^22.5.14:
  version "22.5.14"
  resolved "https://registry.yarnpkg.com/decaffeinate-parser/-/decaffeinate-parser-22.5.14.tgz#e5344ecd7a5c61292d2312a76c856171802cadce"
  integrity sha512-LZZjrRvoPGgdyedIzy/0GbvFFI1wi9KAkahgIK7TAAIN67LtAvRvwgdwpkhLZNUgH/ly87zV1GTMBflTNTxbEA==
  dependencies:
    "@babel/types" "^7.6.1"
    "@codemod/parser" "^1.0.3"
    coffee-lex "^9.1.5"
    decaffeinate-coffeescript "1.12.7-patch.3"
    decaffeinate-coffeescript2 "2.2.1-patch.5"
    lines-and-columns "^1.1.6"

decaffeinate@^6.1.3:
  version "6.1.3"
  resolved "https://registry.yarnpkg.com/decaffeinate/-/decaffeinate-6.1.3.tgz#42e0ffd37c34bc580e447b5ddbedfe0a44e21758"
  integrity sha512-gKebxJlZUZETCcdQygiSFaQ2qn7rUU9XHPLCQEhBWiI8zgERtzi5V43cTZLAmp8yR1XKagw2LD46JtRH9L8APQ==
  dependencies:
    "@codemod/core" "^1.0.7"
    "@codemod/parser" "^1.0.7"
    "@resugar/codemod-declarations-block-scope" "^1.0.2"
    "@resugar/codemod-functions-arrow" "^1.0.2"
    "@resugar/codemod-modules-commonjs" "^1.0.4"
    "@resugar/codemod-objects-concise" "^1.0.2"
    "@resugar/codemod-objects-destructuring" "^1.0.1"
    "@resugar/codemod-objects-shorthand" "^1.0.1"
    "@resugar/codemod-strings-template" "^1.0.1"
    add-variable-declarations "^4.0.7"
    automatic-semicolon-insertion "^2.0.5"
    coffee-lex "^9.1.5"
    decaffeinate-coffeescript "1.12.7-patch.3"
    decaffeinate-coffeescript2 "2.2.1-patch.5"
    decaffeinate-parser "^22.5.14"
    detect-indent "^4.0.0"
    lines-and-columns "^1.1.6"
    magic-string "^0.25.7"
    mz "^2.7.0"
    tslib "^2.0.1"

delayed-stream@~1.0.0:
  version "1.0.0"
  resolved "https://registry.yarnpkg.com/delayed-stream/-/delayed-stream-1.0.0.tgz#df3ae199acadfb7d440aaae0b29e2272b24ec619"
  integrity sha1-3zrhmayt+31ECqrgsp4icrJOxhk=

detect-indent@^4.0.0:
  version "4.0.0"
  resolved "https://registry.yarnpkg.com/detect-indent/-/detect-indent-4.0.0.tgz#f76d064352cdf43a1cb6ce619c4ee3a9475de208"
  integrity sha1-920GQ1LN9Docts5hnE7jqUdd4gg=
  dependencies:
    repeating "^2.0.0"

diff@^4.0.1:
  version "4.0.2"
  resolved "https://registry.yarnpkg.com/diff/-/diff-4.0.2.tgz#60f3aecb89d5fae520c11aa19efc2bb982aade7d"
  integrity sha512-58lmxKSA4BNyLz+HHMUzlOEpg09FV+ev6ZMe3vJihgdxzgcwZ8VoEEPmALCZG9LmqfVoNMMKpttIYTVG6uDY7A==

ecc-jsbn@~0.1.1:
  version "0.1.2"
  resolved "https://registry.yarnpkg.com/ecc-jsbn/-/ecc-jsbn-0.1.2.tgz#3a83a904e54353287874c564b7549386849a98c9"
  integrity sha1-OoOpBOVDUyh4dMVkt1SThoSamMk=
  dependencies:
    jsbn "~0.1.0"
    safer-buffer "^2.1.0"

escape-string-regexp@^1.0.5:
  version "1.0.5"
  resolved "https://registry.yarnpkg.com/escape-string-regexp/-/escape-string-regexp-1.0.5.tgz#1b61c0562190a8dff6ae3bb2cf0200ca130b86d4"
  integrity sha1-G2HAViGQqN/2rjuyzwIAyhMLhtQ=

esprima@^4.0.0, esprima@~4.0.0:
  version "4.0.1"
  resolved "https://registry.yarnpkg.com/esprima/-/esprima-4.0.1.tgz#13b04cdb3e6c5d19df91ab6987a8695619b0aa71"
  integrity sha512-eGuFFw7Upda+g4p+QHvnW0RyTX/SVeJBDM/gCtMARO0cLuT2HcEKnTPvhjV6aGeqrCB/sbNop0Kszm0jsaWU4A==

extend@~3.0.2:
  version "3.0.2"
  resolved "https://registry.yarnpkg.com/extend/-/extend-3.0.2.tgz#f8b1136b4071fbd8eb140aff858b1019ec2915fa"
  integrity sha512-fjquC59cD7CyW6urNXK0FBufkZcoiGG80wTuPujX590cB5Ttln20E2UB4S/WARVqhXffZl2LNgS+gQdPIIim/g==

extsprintf@1.3.0:
  version "1.3.0"
  resolved "https://registry.yarnpkg.com/extsprintf/-/extsprintf-1.3.0.tgz#96918440e3041a7a414f8c52e3c574eb3c3e1e05"
  integrity sha1-lpGEQOMEGnpBT4xS48V06zw+HgU=

extsprintf@^1.2.0:
  version "1.4.0"
  resolved "https://registry.yarnpkg.com/extsprintf/-/extsprintf-1.4.0.tgz#e2689f8f356fad62cca65a3a91c5df5f9551692f"
  integrity sha1-4mifjzVvrWLMplo6kcXfX5VRaS8=

fast-deep-equal@^3.1.1:
  version "3.1.3"
  resolved "https://registry.yarnpkg.com/fast-deep-equal/-/fast-deep-equal-3.1.3.tgz#3a7d56b559d6cbc3eb512325244e619a65c6c525"
  integrity sha512-f3qQ9oQy9j2AhBe/H9VC91wLmKBCCU/gDOnKNAYG5hswO7BLKj09Hc5HYNz9cGI++xlpDCIgDaitVs03ATR84Q==

fast-json-stable-stringify@^2.0.0:
  version "2.1.0"
  resolved "https://registry.yarnpkg.com/fast-json-stable-stringify/-/fast-json-stable-stringify-2.1.0.tgz#874bf69c6f404c2b5d99c481341399fd55892633"
  integrity sha512-lhd/wF+Lk98HZoTCtlVraHtfh5XYijIjalXck7saUtuanSDyLMxnHhSXEDJqHxD7msR8D0uCmqlkwjCV8xvwHw==

forever-agent@~0.6.1:
  version "0.6.1"
  resolved "https://registry.yarnpkg.com/forever-agent/-/forever-agent-0.6.1.tgz#fbc71f0c41adeb37f96c577ad1ed42d8fdacca91"
  integrity sha1-+8cfDEGt6zf5bFd60e1C2P2sypE=

form-data@^2.5.0:
  version "2.5.1"
  resolved "https://registry.yarnpkg.com/form-data/-/form-data-2.5.1.tgz#f2cbec57b5e59e23716e128fe44d4e5dd23895f4"
  integrity sha512-m21N3WOmEEURgk6B9GLOE4RuWOFf28Lhh9qGYeNlGq4VDXUlJy2th2slBNU8Gp8EzloYZOibZJ7t5ecIrFSjVA==
  dependencies:
    asynckit "^0.4.0"
    combined-stream "^1.0.6"
    mime-types "^2.1.12"

form-data@~2.3.2:
  version "2.3.3"
  resolved "https://registry.yarnpkg.com/form-data/-/form-data-2.3.3.tgz#dcce52c05f644f298c6a7ab936bd724ceffbf3a6"
  integrity sha512-1lLKB2Mu3aGP1Q/2eCOx0fNbRMe7XdwktwOruhfqqd0rIJWwN4Dh+E3hrPSlDCXnSR7UtZ1N38rVXm+6+MEhJQ==
  dependencies:
    asynckit "^0.4.0"
    combined-stream "^1.0.6"
    mime-types "^2.1.12"

fs.realpath@^1.0.0:
  version "1.0.0"
  resolved "https://registry.yarnpkg.com/fs.realpath/-/fs.realpath-1.0.0.tgz#1504ad2523158caa40db4a2787cb01411994ea4f"
  integrity sha1-FQStJSMVjKpA20onh8sBQRmU6k8=

function-bind@^1.1.1:
  version "1.1.1"
  resolved "https://registry.yarnpkg.com/function-bind/-/function-bind-1.1.1.tgz#a56899d3ea3c9bab874bb9773b7c5ede92f4895d"
  integrity sha512-yIovAzMX49sF8Yl58fSCWJ5svSLuaibPxXQJFLmBObTuCr0Mf1KiPopGM9NiFjiYBCbfaa2Fh6breQ6ANVTI0A==

gensync@^1.0.0-beta.1:
  version "1.0.0-beta.2"
  resolved "https://registry.yarnpkg.com/gensync/-/gensync-1.0.0-beta.2.tgz#32a6ee76c3d7f52d46b2b1ae5d93fea8580a25e0"
  integrity sha512-3hN7NaskYvMDLQY55gnW3NQ+mesEAepTqlg+VEbj7zzqEMBVNhzcGYYeqFo/TlYz6eQiFcp1HcsCZO+nGgS8zg==

getpass@^0.1.1:
  version "0.1.7"
  resolved "https://registry.yarnpkg.com/getpass/-/getpass-0.1.7.tgz#5eff8e3e684d569ae4cb2b1282604e8ba62149fa"
  integrity sha1-Xv+OPmhNVprkyysSgmBOi6YhSfo=
  dependencies:
    assert-plus "^1.0.0"

glob@^7.1.1:
  version "7.1.6"
  resolved "https://registry.yarnpkg.com/glob/-/glob-7.1.6.tgz#141f33b81a7c2492e125594307480c46679278a6"
  integrity sha512-LwaxwyZ72Lk7vZINtNNrywX0ZuLyStrdDtabefZKAY5ZGJhVtgdznluResxNmPitE0SAO+O26sWTHeKSI2wMBA==
  dependencies:
    fs.realpath "^1.0.0"
    inflight "^1.0.4"
    inherits "2"
    minimatch "^3.0.4"
    once "^1.3.0"
    path-is-absolute "^1.0.0"

globals@^11.1.0:
  version "11.12.0"
  resolved "https://registry.yarnpkg.com/globals/-/globals-11.12.0.tgz#ab8795338868a0babd8525758018c2a7eb95c42e"
  integrity sha512-WOBp/EEGUiIsJSp7wcv/y6MO+lV9UoncWqxuFfm8eBwzWNgyfBd6Gz+IeKQ9jCmyhoH99g15M3T+QaVHFjizVA==

har-schema@^2.0.0:
  version "2.0.0"
  resolved "https://registry.yarnpkg.com/har-schema/-/har-schema-2.0.0.tgz#a94c2224ebcac04782a0d9035521f24735b7ec92"
  integrity sha1-qUwiJOvKwEeCoNkDVSHyRzW37JI=

har-validator@~5.1.3:
  version "5.1.5"
  resolved "https://registry.yarnpkg.com/har-validator/-/har-validator-5.1.5.tgz#1f0803b9f8cb20c0fa13822df1ecddb36bde1efd"
  integrity sha512-nmT2T0lljbxdQZfspsno9hgrG3Uir6Ks5afism62poxqBM6sDnMEuPmzTq8XN0OEwqKLLdh1jQI3qyE66Nzb3w==
  dependencies:
    ajv "^6.12.3"
    har-schema "^2.0.0"

has-flag@^3.0.0:
  version "3.0.0"
  resolved "https://registry.yarnpkg.com/has-flag/-/has-flag-3.0.0.tgz#b5d454dc2199ae225699f3467e5a07f3b955bafd"
  integrity sha1-tdRU3CGZriJWmfNGfloH87lVuv0=

has@^1.0.3:
  version "1.0.3"
  resolved "https://registry.yarnpkg.com/has/-/has-1.0.3.tgz#722d7cbfc1f6aa8241f16dd814e011e1f41e8796"
  integrity sha512-f2dvO0VU6Oej7RkWJGrehjbzMAjFp5/VKPp5tTpWIV4JHHZK1/BxbFRtf/siA2SWTe09caDmVtYYzWEIbBS4zw==
  dependencies:
    function-bind "^1.1.1"

http-signature@~1.2.0:
  version "1.2.0"
  resolved "https://registry.yarnpkg.com/http-signature/-/http-signature-1.2.0.tgz#9aecd925114772f3d95b65a60abb8f7c18fbace1"
  integrity sha1-muzZJRFHcvPZW2WmCruPfBj7rOE=
  dependencies:
    assert-plus "^1.0.0"
    jsprim "^1.2.2"
    sshpk "^1.7.0"

inflight@^1.0.4:
  version "1.0.6"
  resolved "https://registry.yarnpkg.com/inflight/-/inflight-1.0.6.tgz#49bd6331d7d02d0c09bc910a1075ba8165b56df9"
  integrity sha1-Sb1jMdfQLQwJvJEKEHW6gWW1bfk=
  dependencies:
    once "^1.3.0"
    wrappy "1"

inherits@2:
  version "2.0.4"
  resolved "https://registry.yarnpkg.com/inherits/-/inherits-2.0.4.tgz#0fa2c64f932917c3433a0ded55363aae37416b7c"
  integrity sha512-k/vGaX4/Yla3WzyMCvTQOXYeIHvqOKtnqBduzTHpzpQZzAskKMhZ2K+EnBiSM9zGSoIFeMpXKxa4dYeZIQqewQ==

is-core-module@^2.0.0:
  version "2.0.0"
  resolved "https://registry.yarnpkg.com/is-core-module/-/is-core-module-2.0.0.tgz#58531b70aed1db7c0e8d4eb1a0a2d1ddd64bd12d"
  integrity sha512-jq1AH6C8MuteOoBPwkxHafmByhL9j5q4OaPGdbuD+ZtQJVzH+i6E3BJDQcBA09k57i2Hh2yQbEG8yObZ0jdlWw==
  dependencies:
    has "^1.0.3"

is-finite@^1.0.0:
  version "1.1.0"
  resolved "https://registry.yarnpkg.com/is-finite/-/is-finite-1.1.0.tgz#904135c77fb42c0641d6aa1bcdbc4daa8da082f3"
  integrity sha512-cdyMtqX/BOqqNBBiKlIVkytNHm49MtMlYyn1zxzvJKWmFMlGzm+ry5BBfYyeY9YmNKbRSo/o7OX9w9ale0wg3w==

is-typedarray@~1.0.0:
  version "1.0.0"
  resolved "https://registry.yarnpkg.com/is-typedarray/-/is-typedarray-1.0.0.tgz#e479c80858df0c1b11ddda6940f96011fcda4a9a"
  integrity sha1-5HnICFjfDBsR3dppQPlgEfzaSpo=

isstream@~0.1.2:
  version "0.1.2"
  resolved "https://registry.yarnpkg.com/isstream/-/isstream-0.1.2.tgz#47e63f7af55afa6f92e1500e690eb8b8529c099a"
  integrity sha1-R+Y/evVa+m+S4VAOaQ64uFKcCZo=

js-tokens@^4.0.0:
  version "4.0.0"
  resolved "https://registry.yarnpkg.com/js-tokens/-/js-tokens-4.0.0.tgz#19203fb59991df98e3a287050d4647cdeaf32499"
  integrity sha512-RdJUflcE3cUzKiMqQgsCu06FPu9UdIJO0beYbPhHN4k6apgJtifcoCtT9bcxOpYBtpD2kCM6Sbzg4CausW/PKQ==

js-yaml@^3.13.1:
  version "3.14.0"
  resolved "https://registry.yarnpkg.com/js-yaml/-/js-yaml-3.14.0.tgz#a7a34170f26a21bb162424d8adacb4113a69e482"
  integrity sha512-/4IbIeHcD9VMHFqDR/gQ7EdZdLimOvW2DdcxFjdyyZ9NsbS+ccrXqVWDtab/lRl5AlUqmpBx8EhPaWR+OtY17A==
  dependencies:
    argparse "^1.0.7"
    esprima "^4.0.0"

jsbn@~0.1.0:
  version "0.1.1"
  resolved "https://registry.yarnpkg.com/jsbn/-/jsbn-0.1.1.tgz#a5e654c2e5a2deb5f201d96cefbca80c0ef2f513"
  integrity sha1-peZUwuWi3rXyAdls77yoDA7y9RM=

jsesc@^2.5.1:
  version "2.5.2"
  resolved "https://registry.yarnpkg.com/jsesc/-/jsesc-2.5.2.tgz#80564d2e483dacf6e8ef209650a67df3f0c283a4"
  integrity sha512-OYu7XEzjkCQ3C5Ps3QIZsQfNpqoJyZZA99wd9aWd05NCtC5pWOkShK2mkL6HXQR6/Cy2lbNdPlZBpuQHXE63gA==

json-schema-traverse@^0.4.1:
  version "0.4.1"
  resolved "https://registry.yarnpkg.com/json-schema-traverse/-/json-schema-traverse-0.4.1.tgz#69f6a87d9513ab8bb8fe63bdb0979c448e684660"
  integrity sha512-xbbCH5dCYU5T8LcEhhuh7HJ88HXuW3qsI3Y0zOZFKfZEHcpWiHU/Jxzk629Brsab/mMiHQti9wMP+845RPe3Vg==

json-schema@0.2.3:
  version "0.2.3"
  resolved "https://registry.yarnpkg.com/json-schema/-/json-schema-0.2.3.tgz#b480c892e59a2f05954ce727bd3f2a4e882f9e13"
  integrity sha1-tIDIkuWaLwWVTOcnvT8qTogvnhM=

json-stringify-safe@~5.0.1:
  version "5.0.1"
  resolved "https://registry.yarnpkg.com/json-stringify-safe/-/json-stringify-safe-5.0.1.tgz#1296a2d58fd45f19a0f6ce01d65701e2c735b6eb"
  integrity sha1-Epai1Y/UXxmg9s4B1lcB4sc1tus=

json5@^2.1.2:
  version "2.1.3"
  resolved "https://registry.yarnpkg.com/json5/-/json5-2.1.3.tgz#c9b0f7fa9233bfe5807fe66fcf3a5617ed597d43"
  integrity sha512-KXPvOm8K9IJKFM0bmdn8QXh7udDh1g/giieX0NLCaMnb4hEiVFqnop2ImTXCc5e0/oHz3LTqmHGtExn5hfMkOA==
  dependencies:
    minimist "^1.2.5"

jsprim@^1.2.2:
  version "1.4.1"
  resolved "https://registry.yarnpkg.com/jsprim/-/jsprim-1.4.1.tgz#313e66bc1e5cc06e438bc1b7499c2e5c56acb6a2"
  integrity sha1-MT5mvB5cwG5Di8G3SZwuXFastqI=
  dependencies:
    assert-plus "1.0.0"
    extsprintf "1.3.0"
    json-schema "0.2.3"
    verror "1.10.0"

lines-and-columns@^1.1.6:
  version "1.1.6"
  resolved "https://registry.yarnpkg.com/lines-and-columns/-/lines-and-columns-1.1.6.tgz#1c00c743b433cd0a4e80758f7b64a57440d9ff00"
  integrity sha1-HADHQ7QzzQpOgHWPe2SldEDZ/wA=

lodash@^4.17.19:
  version "4.17.20"
  resolved "https://registry.yarnpkg.com/lodash/-/lodash-4.17.20.tgz#b44a9b6297bcb698f1c51a3545a2b3b368d59c52"
  integrity sha512-PlhdFcillOINfeV7Ni6oF1TAEayyZBoZ8bcshTHqOYJYlrqzRK5hagpagky5o4HfCzzd1TRkXPMFq6cKk9rGmA==

magic-string@^0.25.3, magic-string@^0.25.7:
  version "0.25.7"
  resolved "https://registry.yarnpkg.com/magic-string/-/magic-string-0.25.7.tgz#3f497d6fd34c669c6798dcb821f2ef31f5445051"
  integrity sha512-4CrMT5DOHTDk4HYDlzmwu4FVCcIYI8gauveasrdCu2IKIFOJ3f0v/8MDGJCDL9oD2ppz/Av1b0Nj345H9M+XIA==
  dependencies:
    sourcemap-codec "^1.4.4"

mime-db@1.44.0:
  version "1.44.0"
  resolved "https://registry.yarnpkg.com/mime-db/-/mime-db-1.44.0.tgz#fa11c5eb0aca1334b4233cb4d52f10c5a6272f92"
  integrity sha512-/NOTfLrsPBVeH7YtFPgsVWveuL+4SjjYxaQ1xtM1KMFj7HdxlBlxeyNLzhyJVx7r4rZGJAZ/6lkKCitSc/Nmpg==

mime-types@^2.1.12, mime-types@~2.1.19:
  version "2.1.27"
  resolved "https://registry.yarnpkg.com/mime-types/-/mime-types-2.1.27.tgz#47949f98e279ea53119f5722e0f34e529bec009f"
  integrity sha512-JIhqnCasI9yD+SsmkquHBxTSEuZdQX5BuQnS2Vc7puQQQ+8yiP5AY5uWhpdv4YL4VM5c6iliiYWPgJ/nJQLp7w==
  dependencies:
    mime-db "1.44.0"

minimatch@^3.0.4:
  version "3.0.4"
  resolved "https://registry.yarnpkg.com/minimatch/-/minimatch-3.0.4.tgz#5166e286457f03306064be5497e8dbb0c3d32083"
  integrity sha512-yJHVQEhyqPLUTgt9B83PXu6W3rx4MvvHvSUvToogpwoGDOUQ+yDrR0HRot+yOCdCO7u4hX3pWft6kWBBcqh0UA==
  dependencies:
    brace-expansion "^1.1.7"

minimist@^1.2.5:
  version "1.2.5"
  resolved "https://registry.yarnpkg.com/minimist/-/minimist-1.2.5.tgz#67d66014b66a6a8aaa0c083c5fd58df4e4e97602"
  integrity sha512-FM9nNUYrRBAELZQT3xeZQ7fmMOBg6nWNmJKTcgsJeaLstP/UODVpGsr5OhXhhXg6f+qtJ8uiZ+PUxkDWcgIXLw==

mkdirp@^0.5.1:
  version "0.5.5"
  resolved "https://registry.yarnpkg.com/mkdirp/-/mkdirp-0.5.5.tgz#d91cefd62d1436ca0f41620e251288d420099def"
  integrity sha512-NKmAlESf6jMGym1++R0Ra7wvhV+wFW63FaSOFPwRahvea0gMUcGUhVeAg/0BC0wiv9ih5NYPB1Wn1UEI1/L+xQ==
  dependencies:
    minimist "^1.2.5"

ms@2.1.2:
  version "2.1.2"
  resolved "https://registry.yarnpkg.com/ms/-/ms-2.1.2.tgz#d09d1f357b443f493382a8eb3ccd183872ae6009"
  integrity sha512-sGkPx+VjMtmA6MX27oA4FBFELFCZZ4S4XqeGOXCv68tT+jb3vk/RyaKWP0PTKyWtmLSM0b+adUTEvbs1PEaH2w==

mz@^2.7.0:
  version "2.7.0"
  resolved "https://registry.yarnpkg.com/mz/-/mz-2.7.0.tgz#95008057a56cafadc2bc63dde7f9ff6955948e32"
  integrity sha512-z81GNO7nnYMEhrGh9LeymoE4+Yr0Wn5McHIZMK5cfQCl+NDX08sCZgUc9/6MHni9IWuFLm1Z3HTCXu2z9fN62Q==
  dependencies:
    any-promise "^1.0.0"
    object-assign "^4.0.1"
    thenify-all "^1.0.0"

oauth-sign@~0.9.0:
  version "0.9.0"
  resolved "https://registry.yarnpkg.com/oauth-sign/-/oauth-sign-0.9.0.tgz#47a7b016baa68b5fa0ecf3dee08a85c679ac6455"
  integrity sha512-fexhUFFPTGV8ybAtSIGbV6gOkSv8UtRbDBnAyLQw4QPKkgNlsH2ByPGtMUqdWkos6YCRmAqViwgZrJc/mRDzZQ==

object-assign@^4.0.1:
  version "4.1.1"
  resolved "https://registry.yarnpkg.com/object-assign/-/object-assign-4.1.1.tgz#2109adc7965887cfc05cbbd442cac8bfbb360863"
  integrity sha1-IQmtx5ZYh8/AXLvUQsrIv7s2CGM=

once@^1.3.0:
  version "1.4.0"
  resolved "https://registry.yarnpkg.com/once/-/once-1.4.0.tgz#583b1aa775961d4b113ac17d9c50baef9dd76bd1"
  integrity sha1-WDsap3WWHUsROsF9nFC6753Xa9E=
  dependencies:
    wrappy "1"

path-is-absolute@^1.0.0:
  version "1.0.1"
  resolved "https://registry.yarnpkg.com/path-is-absolute/-/path-is-absolute-1.0.1.tgz#174b9268735534ffbc7ace6bf53a5a9e1b5c5f5f"
  integrity sha1-F0uSaHNVNP+8es5r9TpanhtcX18=

path-parse@^1.0.6:
  version "1.0.6"
  resolved "https://registry.yarnpkg.com/path-parse/-/path-parse-1.0.6.tgz#d62dbb5679405d72c4737ec58600e9ddcf06d24c"
  integrity sha512-GSmOT2EbHrINBf9SR7CDELwlJ8AENk3Qn7OikK4nFYAu3Ote2+JYNVvkpAEQm3/TLNEJFD/xZJjzyxg3KBWOzw==

performance-now@^2.1.0:
  version "2.1.0"
  resolved "https://registry.yarnpkg.com/performance-now/-/performance-now-2.1.0.tgz#6309f4e0e5fa913ec1c69307ae364b4b377c9e7b"
  integrity sha1-Ywn04OX6kT7BxpMHrjZLSzd8nns=

private@^0.1.8:
  version "0.1.8"
  resolved "https://registry.yarnpkg.com/private/-/private-0.1.8.tgz#2381edb3689f7a53d653190060fcf822d2f368ff"
  integrity sha512-VvivMrbvd2nKkiG38qjULzlc+4Vx4wm/whI9pQD35YrARNnhxeiRktSOhSukRLFNlzg6Br/cJPet5J/u19r/mg==

psl@^1.1.28:
  version "1.8.0"
  resolved "https://registry.yarnpkg.com/psl/-/psl-1.8.0.tgz#9326f8bcfb013adcc005fdff056acce020e51c24"
  integrity sha512-RIdOzyoavK+hA18OGGWDqUTsCLhtA7IcZ/6NCs4fFJaHBDab+pDDmDIByWFRQJq2Cd7r1OoQxBGKOaztq+hjIQ==

punycode@^2.1.0, punycode@^2.1.1:
  version "2.1.1"
  resolved "https://registry.yarnpkg.com/punycode/-/punycode-2.1.1.tgz#b58b010ac40c22c5657616c8d2c2c02c7bf479ec"
  integrity sha512-XRsRjdf+j5ml+y/6GKHPZbrF/8p2Yga0JPtdqTIY2Xe5ohJPD9saDJJLPvp9+NSBprVvevdXZybnj2cv8OEd0A==

qs@~6.5.2:
  version "6.5.2"
  resolved "https://registry.yarnpkg.com/qs/-/qs-6.5.2.tgz#cb3ae806e8740444584ef154ce8ee98d403f3e36"
  integrity sha512-N5ZAX4/LxJmF+7wN74pUD6qAh9/wnvdQcjq9TZjevvXzSUo7bfmw91saqMjzGS2xq91/odN2dW/WOl7qQHNDGA==

recast@^0.19.0:
  version "0.19.1"
  resolved "https://registry.yarnpkg.com/recast/-/recast-0.19.1.tgz#555f3612a5a10c9f44b9a923875c51ff775de6c8"
  integrity sha512-8FCjrBxjeEU2O6I+2hyHyBFH1siJbMBLwIRvVr1T3FD2cL754sOaJDsJ/8h3xYltasbJ8jqWRIhMuDGBSiSbjw==
  dependencies:
    ast-types "0.13.3"
    esprima "~4.0.0"
    private "^0.1.8"
    source-map "~0.6.1"

repeating@^2.0.0:
  version "2.0.1"
  resolved "https://registry.yarnpkg.com/repeating/-/repeating-2.0.1.tgz#5214c53a926d3552707527fbab415dbc08d06dda"
  integrity sha1-UhTFOpJtNVJwdSf7q0FdvAjQbdo=
  dependencies:
    is-finite "^1.0.0"

request@^2.88.2:
  version "2.88.2"
  resolved "https://registry.yarnpkg.com/request/-/request-2.88.2.tgz#d73c918731cb5a87da047e207234146f664d12b3"
  integrity sha512-MsvtOrfG9ZcrOwAW+Qi+F6HbD0CWXEh9ou77uOb7FM2WPhwT7smM833PzanhJLsgXjN89Ir6V2PczXNnMpwKhw==
  dependencies:
    aws-sign2 "~0.7.0"
    aws4 "^1.8.0"
    caseless "~0.12.0"
    combined-stream "~1.0.6"
    extend "~3.0.2"
    forever-agent "~0.6.1"
    form-data "~2.3.2"
    har-validator "~5.1.3"
    http-signature "~1.2.0"
    is-typedarray "~1.0.0"
    isstream "~0.1.2"
    json-stringify-safe "~5.0.1"
    mime-types "~2.1.19"
    oauth-sign "~0.9.0"
    performance-now "^2.1.0"
    qs "~6.5.2"
    safe-buffer "^5.1.2"
    tough-cookie "~2.5.0"
    tunnel-agent "^0.6.0"
    uuid "^3.3.2"

resolve@^1.12.0, resolve@^1.3.2:
  version "1.18.1"
  resolved "https://registry.yarnpkg.com/resolve/-/resolve-1.18.1.tgz#018fcb2c5b207d2a6424aee361c5a266da8f4130"
  integrity sha512-lDfCPaMKfOJXjy0dPayzPdF1phampNWr3qFCjAu+rw/qbQmr5jWH5xN2hwh9QKfw9E5v4hwV7A+jrCmL8yjjqA==
  dependencies:
    is-core-module "^2.0.0"
    path-parse "^1.0.6"

safe-buffer@^5.0.1, safe-buffer@^5.1.2:
  version "5.2.1"
  resolved "https://registry.yarnpkg.com/safe-buffer/-/safe-buffer-5.2.1.tgz#1eaf9fa9bdb1fdd4ec75f58f9cdb4e6b7827eec6"
  integrity sha512-rp3So07KcdmmKbGvgaNxQSJr7bGVSVk5S9Eq1F+ppbRo70+YeaDxkw5Dd8NPN+GD6bjnYm2VuPuCXmpuYvmCXQ==

safe-buffer@~5.1.1:
  version "5.1.2"
  resolved "https://registry.yarnpkg.com/safe-buffer/-/safe-buffer-5.1.2.tgz#991ec69d296e0313747d59bdfd2b745c35f8828d"
  integrity sha512-Gd2UZBJDkXlY7GbJxfsE8/nvKkUEU1G38c1siN6QP6a9PT9MmHB8GnpscSmMJSoF8LOIrt8ud/wPtojys4G6+g==

safer-buffer@^2.0.2, safer-buffer@^2.1.0, safer-buffer@~2.1.0:
  version "2.1.2"
  resolved "https://registry.yarnpkg.com/safer-buffer/-/safer-buffer-2.1.2.tgz#44fa161b0187b9549dd84bb91802f9bd8385cd6a"
  integrity sha512-YZo3K82SD7Riyi0E1EQPojLz7kpepnSQI9IyPbHHg1XXXevb5dJI7tpyN2ADxGcQbHG7vcyRHk0cbwqcQriUtg==

semver@^5.3.0, semver@^5.4.1:
  version "5.7.1"
  resolved "https://registry.yarnpkg.com/semver/-/semver-5.7.1.tgz#a954f931aeba508d307bbf069eff0c01c96116f7"
  integrity sha512-sauaDf/PZdVgrLTNYHRtpXa1iRiKcaebiKQ1BJdpQlWH2lCvexQdX55snPFyK7QzpudqbCI0qXFfOasHdyNDGQ==

source-map@^0.5.0:
  version "0.5.7"
  resolved "https://registry.yarnpkg.com/source-map/-/source-map-0.5.7.tgz#8a039d2d1021d22d1ea14c80d8ea468ba2ef3fcc"
  integrity sha1-igOdLRAh0i0eoUyA2OpGi6LvP8w=

source-map@~0.6.1:
  version "0.6.1"
  resolved "https://registry.yarnpkg.com/source-map/-/source-map-0.6.1.tgz#74722af32e9614e9c287a8d0bbde48b5e2f1a263"
  integrity sha512-UjgapumWlbMhkBgzT7Ykc5YXUT46F0iKu8SGXq0bcwP5dz/h0Plj6enJqjz1Zbq2l5WaqYnrVbwWOWMyF3F47g==

sourcemap-codec@^1.4.4:
  version "1.4.8"
  resolved "https://registry.yarnpkg.com/sourcemap-codec/-/sourcemap-codec-1.4.8.tgz#ea804bd94857402e6992d05a38ef1ae35a9ab4c4"
  integrity sha512-9NykojV5Uih4lgo5So5dtw+f0JgJX30KCNI8gwhz2J9A15wD0Ml6tjHKwf6fTSa6fAdVBdZeNOs9eJ71qCk8vA==

sprintf-js@~1.0.2:
  version "1.0.3"
  resolved "https://registry.yarnpkg.com/sprintf-js/-/sprintf-js-1.0.3.tgz#04e6926f662895354f3dd015203633b857297e2c"
  integrity sha1-BOaSb2YolTVPPdAVIDYzuFcpfiw=

sshpk@^1.7.0:
  version "1.16.1"
  resolved "https://registry.yarnpkg.com/sshpk/-/sshpk-1.16.1.tgz#fb661c0bef29b39db40769ee39fa70093d6f6877"
  integrity sha512-HXXqVUq7+pcKeLqqZj6mHFUMvXtOJt1uoUx09pFW6011inTMxqI8BA8PM95myrIyyKwdnzjdFjLiE6KBPVtJIg==
  dependencies:
    asn1 "~0.2.3"
    assert-plus "^1.0.0"
    bcrypt-pbkdf "^1.0.0"
    dashdash "^1.12.0"
    ecc-jsbn "~0.1.1"
    getpass "^0.1.1"
    jsbn "~0.1.0"
    safer-buffer "^2.0.2"
    tweetnacl "~0.14.0"

supports-color@^5.3.0:
  version "5.5.0"
  resolved "https://registry.yarnpkg.com/supports-color/-/supports-color-5.5.0.tgz#e2e69a44ac8772f78a1ec0b35b689df6530efc8f"
  integrity sha512-QjVjwdXIt408MIiAqCX4oUKsgU2EqAGzs2Ppkm4aQYbjm+ZEWEcW4SfFNTr4uMNZma0ey4f5lgLrkB0aX0QMow==
  dependencies:
    has-flag "^3.0.0"

thenify-all@^1.0.0:
  version "1.6.0"
  resolved "https://registry.yarnpkg.com/thenify-all/-/thenify-all-1.6.0.tgz#1a1918d402d8fc3f98fbf234db0bcc8cc10e9726"
  integrity sha1-GhkY1ALY/D+Y+/I02wvMjMEOlyY=
  dependencies:
    thenify ">= 3.1.0 < 4"

"thenify@>= 3.1.0 < 4":
  version "3.3.1"
  resolved "https://registry.yarnpkg.com/thenify/-/thenify-3.3.1.tgz#8932e686a4066038a016dd9e2ca46add9838a95f"
  integrity sha512-RVZSIV5IG10Hk3enotrhvz0T9em6cyHBLkH/YAZuKqd8hRkKhSfCGIcP2KUY0EPxndzANBmNllzWPwak+bheSw==
  dependencies:
    any-promise "^1.0.0"

to-fast-properties@^2.0.0:
  version "2.0.0"
  resolved "https://registry.yarnpkg.com/to-fast-properties/-/to-fast-properties-2.0.0.tgz#dc5e698cbd079265bc73e0377681a4e4e83f616e"
  integrity sha1-3F5pjL0HkmW8c+A3doGk5Og/YW4=

tough-cookie@~2.5.0:
  version "2.5.0"
  resolved "https://registry.yarnpkg.com/tough-cookie/-/tough-cookie-2.5.0.tgz#cd9fb2a0aa1d5a12b473bd9fb96fa3dcff65ade2"
  integrity sha512-nlLsUzgm1kfLXSXfRZMc1KLAugd4hqJHDTvc2hDIwS3mZAfMEuMbc03SujMF+GEcpaX/qboeycw6iO8JwVv2+g==
  dependencies:
    psl "^1.1.28"
    punycode "^2.1.1"

tslib@^1.8.0, tslib@^1.8.1:
  version "1.14.1"
  resolved "https://registry.yarnpkg.com/tslib/-/tslib-1.14.1.tgz#cf2d38bdc34a134bcaf1091c41f6619e2f672d00"
  integrity sha512-Xni35NKzjgMrwevysHTCArtLDpPvye8zV/0E4EyYn43P7/7qvQwPh9BGkHewbMulVntbigmcT7rdX3BNo9wRJg==

tslib@^2.0.1:
  version "2.0.3"
  resolved "https://registry.yarnpkg.com/tslib/-/tslib-2.0.3.tgz#8e0741ac45fc0c226e58a17bfc3e64b9bc6ca61c"
  integrity sha512-uZtkfKblCEQtZKBF6EBXVZeQNl82yqtDQdv+eck8u7tdPxjLu2/lp5/uPW+um2tpuxINHWy3GhiccY7QgEaVHQ==

tslint@^5.20.1:
  version "5.20.1"
  resolved "https://registry.yarnpkg.com/tslint/-/tslint-5.20.1.tgz#e401e8aeda0152bc44dd07e614034f3f80c67b7d"
  integrity sha512-EcMxhzCFt8k+/UP5r8waCf/lzmeSyVlqxqMEDQE7rWYiQky8KpIBz1JAoYXfROHrPZ1XXd43q8yQnULOLiBRQg==
  dependencies:
    "@babel/code-frame" "^7.0.0"
    builtin-modules "^1.1.1"
    chalk "^2.3.0"
    commander "^2.12.1"
    diff "^4.0.1"
    glob "^7.1.1"
    js-yaml "^3.13.1"
    minimatch "^3.0.4"
    mkdirp "^0.5.1"
    resolve "^1.3.2"
    semver "^5.3.0"
    tslib "^1.8.0"
    tsutils "^2.29.0"

tsutils@^2.29.0:
  version "2.29.0"
  resolved "https://registry.yarnpkg.com/tsutils/-/tsutils-2.29.0.tgz#32b488501467acbedd4b85498673a0812aca0b99"
  integrity sha512-g5JVHCIJwzfISaXpXE1qvNalca5Jwob6FjI4AoPlqMusJ6ftFE7IkkFoMhVLRgK+4Kx3gkzb8UZK5t5yTTvEmA==
  dependencies:
    tslib "^1.8.1"

tunnel-agent@^0.6.0:
  version "0.6.0"
  resolved "https://registry.yarnpkg.com/tunnel-agent/-/tunnel-agent-0.6.0.tgz#27a5dea06b36b04a0a9966774b290868f0fc40fd"
  integrity sha1-J6XeoGs2sEoKmWZ3SykIaPD8QP0=
  dependencies:
    safe-buffer "^5.0.1"

tweetnacl@^0.14.3, tweetnacl@~0.14.0:
  version "0.14.5"
  resolved "https://registry.yarnpkg.com/tweetnacl/-/tweetnacl-0.14.5.tgz#5ae68177f192d4456269d108afa93ff8743f4f64"
  integrity sha1-WuaBd/GS1EViadEIr6k/+HQ/T2Q=

typescript@^4.0.5:
  version "4.0.5"
  resolved "https://registry.yarnpkg.com/typescript/-/typescript-4.0.5.tgz#ae9dddfd1069f1cb5beb3ef3b2170dd7c1332389"
  integrity sha512-ywmr/VrTVCmNTJ6iV2LwIrfG1P+lv6luD8sUJs+2eI9NLGigaN+nUQc13iHqisq7bra9lnmUSYqbJvegraBOPQ==

uri-js@^4.2.2:
  version "4.4.0"
  resolved "https://registry.yarnpkg.com/uri-js/-/uri-js-4.4.0.tgz#aa714261de793e8a82347a7bcc9ce74e86f28602"
  integrity sha512-B0yRTzYdUCCn9n+F4+Gh4yIDtMQcaJsmYBDsTSG8g/OejKBodLQ2IHfN3bM7jUsRXndopT7OIXWdYqc1fjmV6g==
  dependencies:
    punycode "^2.1.0"

uuid@^3.3.2:
  version "3.4.0"
  resolved "https://registry.yarnpkg.com/uuid/-/uuid-3.4.0.tgz#b23e4358afa8a202fe7a100af1f5f883f02007ee"
  integrity sha512-HjSDRw6gZE5JMggctHBcjVak08+KEVhSIiDzFnT9S9aegmp85S/bReBVTb4QTFaRNptJ9kuYaNhnbNEOkbKb/A==

verror@1.10.0:
  version "1.10.0"
  resolved "https://registry.yarnpkg.com/verror/-/verror-1.10.0.tgz#3a105ca17053af55d6e270c1f8288682e18da400"
  integrity sha1-OhBcoXBTr1XW4nDB+CiGguGNpAA=
  dependencies:
    assert-plus "^1.0.0"
    core-util-is "1.0.2"
    extsprintf "^1.2.0"

wrappy@1:
  version "1.0.2"
  resolved "https://registry.yarnpkg.com/wrappy/-/wrappy-1.0.2.tgz#b5243d8f3ec1aa35f1364605bc0d1036e30ab69f"
  integrity sha1-tSQ9jz7BqjXxNkYFvA0QNuMKtp8=
